// !$*UTF8*$!
{
	archiveVersion = 1;
	classes = {
	};
	objectVersion = 77;
	objects = {

/* Begin PBXBuildFile section */
		003944342D636EC100867CD1 /* FirebaseFirestore in Frameworks */ = {isa = PBXBuildFile; productRef = 003944332D636EC100867CD1 /* FirebaseFirestore */; };
		0039497E2D65253400867CD1 /* OpenAI in Frameworks */ = {isa = PBXBuildFile; productRef = 0039497D2D65253400867CD1 /* OpenAI */; };
		00413FE62D4E68CD00C8D4B5 /* FirebaseAuth in Frameworks */ = {isa = PBXBuildFile; productRef = 00413FE52D4E68CD00C8D4B5 /* FirebaseAuth */; };
		00413FF32D4E82A900C8D4B5 /* SignInAppleAsync in Frameworks */ = {isa = PBXBuildFile; productRef = 00413FF22D4E82A900C8D4B5 /* SignInAppleAsync */; };
		00765CF52D668AAD009E6729 /* FirebaseStorage in Frameworks */ = {isa = PBXBuildFile; productRef = 00765CF42D668AAD009E6729 /* FirebaseStorage */; };
		007B4A4B2D39E9890069AA59 /* SwiftfulUtilities in Frameworks */ = {isa = PBXBuildFile; productRef = 007B4A4A2D39E9890069AA59 /* SwiftfulUtilities */; };
		00998C4F2D32D30100B49DF8 /* SDWebImageSwiftUI in Frameworks */ = {isa = PBXBuildFile; productRef = 00998C4E2D32D30100B49DF8 /* SDWebImageSwiftUI */; };
/* End PBXBuildFile section */

/* Begin PBXContainerItemProxy section */
		0089D4532D30806B0056B465 /* PBXContainerItemProxy */ = {
			isa = PBXContainerItemProxy;
			containerPortal = 0089D43A2D3080690056B465 /* Project object */;
			proxyType = 1;
			remoteGlobalIDString = 0089D4412D3080690056B465;
			remoteInfo = AIChatPartner;
		};
		0089D45D2D30806B0056B465 /* PBXContainerItemProxy */ = {
			isa = PBXContainerItemProxy;
			containerPortal = 0089D43A2D3080690056B465 /* Project object */;
			proxyType = 1;
			remoteGlobalIDString = 0089D4412D3080690056B465;
			remoteInfo = AIChatPartner;
		};
/* End PBXContainerItemProxy section */

/* Begin PBXFileReference section */
		0089D4422D3080690056B465 /* AIChatPartner.app */ = {isa = PBXFileReference; explicitFileType = wrapper.application; includeInIndex = 0; path = AIChatPartner.app; sourceTree = BUILT_PRODUCTS_DIR; };
		0089D4522D30806B0056B465 /* AIChatPartnerTests.xctest */ = {isa = PBXFileReference; explicitFileType = wrapper.cfbundle; includeInIndex = 0; path = AIChatPartnerTests.xctest; sourceTree = BUILT_PRODUCTS_DIR; };
		0089D45C2D30806B0056B465 /* AIChatPartnerUITests.xctest */ = {isa = PBXFileReference; explicitFileType = wrapper.cfbundle; includeInIndex = 0; path = AIChatPartnerUITests.xctest; sourceTree = BUILT_PRODUCTS_DIR; };
/* End PBXFileReference section */

/* Begin PBXFileSystemSynchronizedRootGroup section */
		0089D4442D3080690056B465 /* AIChatPartner */ = {
			isa = PBXFileSystemSynchronizedRootGroup;
			path = AIChatPartner;
			sourceTree = "<group>";
		};
		0089D4552D30806B0056B465 /* AIChatPartnerTests */ = {
			isa = PBXFileSystemSynchronizedRootGroup;
			path = AIChatPartnerTests;
			sourceTree = "<group>";
		};
		0089D45F2D30806B0056B465 /* AIChatPartnerUITests */ = {
			isa = PBXFileSystemSynchronizedRootGroup;
			path = AIChatPartnerUITests;
			sourceTree = "<group>";
		};
/* End PBXFileSystemSynchronizedRootGroup section */

/* Begin PBXFrameworksBuildPhase section */
		0089D43F2D3080690056B465 /* Frameworks */ = {
			isa = PBXFrameworksBuildPhase;
			buildActionMask = 2147483647;
			files = (
				00413FF32D4E82A900C8D4B5 /* SignInAppleAsync in Frameworks */,
				00998C4F2D32D30100B49DF8 /* SDWebImageSwiftUI in Frameworks */,
				00413FE62D4E68CD00C8D4B5 /* FirebaseAuth in Frameworks */,
				003944342D636EC100867CD1 /* FirebaseFirestore in Frameworks */,
				00765CF52D668AAD009E6729 /* FirebaseStorage in Frameworks */,
				0039497E2D65253400867CD1 /* OpenAI in Frameworks */,
				007B4A4B2D39E9890069AA59 /* SwiftfulUtilities in Frameworks */,
			);
			runOnlyForDeploymentPostprocessing = 0;
		};
		0089D44F2D30806B0056B465 /* Frameworks */ = {
			isa = PBXFrameworksBuildPhase;
			buildActionMask = 2147483647;
			files = (
			);
			runOnlyForDeploymentPostprocessing = 0;
		};
		0089D4592D30806B0056B465 /* Frameworks */ = {
			isa = PBXFrameworksBuildPhase;
			buildActionMask = 2147483647;
			files = (
			);
			runOnlyForDeploymentPostprocessing = 0;
		};
/* End PBXFrameworksBuildPhase section */

/* Begin PBXGroup section */
		003944322D636EC100867CD1 /* Frameworks */ = {
			isa = PBXGroup;
			children = (
			);
			name = Frameworks;
			sourceTree = "<group>";
		};
		0089D4392D3080690056B465 = {
			isa = PBXGroup;
			children = (
				0089D4442D3080690056B465 /* AIChatPartner */,
				0089D4552D30806B0056B465 /* AIChatPartnerTests */,
				0089D45F2D30806B0056B465 /* AIChatPartnerUITests */,
				003944322D636EC100867CD1 /* Frameworks */,
				0089D4432D3080690056B465 /* Products */,
			);
			sourceTree = "<group>";
		};
		0089D4432D3080690056B465 /* Products */ = {
			isa = PBXGroup;
			children = (
				0089D4422D3080690056B465 /* AIChatPartner.app */,
				0089D4522D30806B0056B465 /* AIChatPartnerTests.xctest */,
				0089D45C2D30806B0056B465 /* AIChatPartnerUITests.xctest */,
			);
			name = Products;
			sourceTree = "<group>";
		};
/* End PBXGroup section */

/* Begin PBXNativeTarget section */
		0089D4412D3080690056B465 /* AIChatPartner */ = {
			isa = PBXNativeTarget;
			buildConfigurationList = 0089D4662D30806B0056B465 /* Build configuration list for PBXNativeTarget "AIChatPartner" */;
			buildPhases = (
				0089D43E2D3080690056B465 /* Sources */,
				0089D43F2D3080690056B465 /* Frameworks */,
				0089D4402D3080690056B465 /* Resources */,
				0089D4772D3084E30056B465 /* ShellScript */,
			);
			buildRules = (
			);
			dependencies = (
			);
			fileSystemSynchronizedGroups = (
				0089D4442D3080690056B465 /* AIChatPartner */,
			);
			name = AIChatPartner;
			packageProductDependencies = (
				00998C4E2D32D30100B49DF8 /* SDWebImageSwiftUI */,
				007B4A4A2D39E9890069AA59 /* SwiftfulUtilities */,
				00413FE52D4E68CD00C8D4B5 /* FirebaseAuth */,
				00413FF22D4E82A900C8D4B5 /* SignInAppleAsync */,
				003944332D636EC100867CD1 /* FirebaseFirestore */,
				0039497D2D65253400867CD1 /* OpenAI */,
				00765CF42D668AAD009E6729 /* FirebaseStorage */,
			);
			productName = AIChatPartner;
			productReference = 0089D4422D3080690056B465 /* AIChatPartner.app */;
			productType = "com.apple.product-type.application";
		};
		0089D4512D30806B0056B465 /* AIChatPartnerTests */ = {
			isa = PBXNativeTarget;
			buildConfigurationList = 0089D4692D30806B0056B465 /* Build configuration list for PBXNativeTarget "AIChatPartnerTests" */;
			buildPhases = (
				0089D44E2D30806B0056B465 /* Sources */,
				0089D44F2D30806B0056B465 /* Frameworks */,
				0089D4502D30806B0056B465 /* Resources */,
			);
			buildRules = (
			);
			dependencies = (
				0089D4542D30806B0056B465 /* PBXTargetDependency */,
			);
			fileSystemSynchronizedGroups = (
				0089D4552D30806B0056B465 /* AIChatPartnerTests */,
			);
			name = AIChatPartnerTests;
			packageProductDependencies = (
			);
			productName = AIChatPartnerTests;
			productReference = 0089D4522D30806B0056B465 /* AIChatPartnerTests.xctest */;
			productType = "com.apple.product-type.bundle.unit-test";
		};
		0089D45B2D30806B0056B465 /* AIChatPartnerUITests */ = {
			isa = PBXNativeTarget;
			buildConfigurationList = 0089D46C2D30806B0056B465 /* Build configuration list for PBXNativeTarget "AIChatPartnerUITests" */;
			buildPhases = (
				0089D4582D30806B0056B465 /* Sources */,
				0089D4592D30806B0056B465 /* Frameworks */,
				0089D45A2D30806B0056B465 /* Resources */,
			);
			buildRules = (
			);
			dependencies = (
				0089D45E2D30806B0056B465 /* PBXTargetDependency */,
			);
			fileSystemSynchronizedGroups = (
				0089D45F2D30806B0056B465 /* AIChatPartnerUITests */,
			);
			name = AIChatPartnerUITests;
			packageProductDependencies = (
			);
			productName = AIChatPartnerUITests;
			productReference = 0089D45C2D30806B0056B465 /* AIChatPartnerUITests.xctest */;
			productType = "com.apple.product-type.bundle.ui-testing";
		};
/* End PBXNativeTarget section */

/* Begin PBXProject section */
		0089D43A2D3080690056B465 /* Project object */ = {
			isa = PBXProject;
			attributes = {
				BuildIndependentTargetsInParallel = 1;
				LastSwiftUpdateCheck = 1620;
				LastUpgradeCheck = 1620;
				TargetAttributes = {
					0089D4412D3080690056B465 = {
						CreatedOnToolsVersion = 16.2;
					};
					0089D4512D30806B0056B465 = {
						CreatedOnToolsVersion = 16.2;
						TestTargetID = 0089D4412D3080690056B465;
					};
					0089D45B2D30806B0056B465 = {
						CreatedOnToolsVersion = 16.2;
						TestTargetID = 0089D4412D3080690056B465;
					};
				};
			};
			buildConfigurationList = 0089D43D2D3080690056B465 /* Build configuration list for PBXProject "AIChatPartner" */;
			developmentRegion = en;
			hasScannedForEncodings = 0;
			knownRegions = (
				en,
				Base,
			);
			mainGroup = 0089D4392D3080690056B465;
			minimizedProjectReferenceProxies = 1;
			packageReferences = (
				0089D4762D3084890056B465 /* XCRemoteSwiftPackageReference "SwiftLintPlugins" */,
				00998C4D2D32D30100B49DF8 /* XCRemoteSwiftPackageReference "SDWebImageSwiftUI" */,
				007B4A492D39E9890069AA59 /* XCRemoteSwiftPackageReference "SwiftfulUtilities" */,
				00413FE42D4E68CD00C8D4B5 /* XCRemoteSwiftPackageReference "firebase-ios-sdk" */,
				00413FF12D4E82A900C8D4B5 /* XCRemoteSwiftPackageReference "SignInAppleAsync" */,
				0039497C2D65253400867CD1 /* XCRemoteSwiftPackageReference "OpenAI" */,
			);
			preferredProjectObjectVersion = 77;
			productRefGroup = 0089D4432D3080690056B465 /* Products */;
			projectDirPath = "";
			projectRoot = "";
			targets = (
				0089D4412D3080690056B465 /* AIChatPartner */,
				0089D4512D30806B0056B465 /* AIChatPartnerTests */,
				0089D45B2D30806B0056B465 /* AIChatPartnerUITests */,
			);
		};
/* End PBXProject section */

/* Begin PBXResourcesBuildPhase section */
		0089D4402D3080690056B465 /* Resources */ = {
			isa = PBXResourcesBuildPhase;
			buildActionMask = 2147483647;
			files = (
			);
			runOnlyForDeploymentPostprocessing = 0;
		};
		0089D4502D30806B0056B465 /* Resources */ = {
			isa = PBXResourcesBuildPhase;
			buildActionMask = 2147483647;
			files = (
			);
			runOnlyForDeploymentPostprocessing = 0;
		};
		0089D45A2D30806B0056B465 /* Resources */ = {
			isa = PBXResourcesBuildPhase;
			buildActionMask = 2147483647;
			files = (
			);
			runOnlyForDeploymentPostprocessing = 0;
		};
/* End PBXResourcesBuildPhase section */

/* Begin PBXShellScriptBuildPhase section */
		0089D4772D3084E30056B465 /* ShellScript */ = {
			isa = PBXShellScriptBuildPhase;
			alwaysOutOfDate = 1;
			buildActionMask = 2147483647;
			files = (
			);
			inputFileListPaths = (
			);
			inputPaths = (
			);
			outputFileListPaths = (
			);
			outputPaths = (
			);
			runOnlyForDeploymentPostprocessing = 0;
			shellPath = /bin/sh;
			shellScript = "# Type a script or drag a script file from your workspace to insert its path.\nif [[ -z \"$CI\" ]]; then\n    if [[ \"$(uname -m)\" == arm64 ]]; then\n        export PATH=\"/opt/homebrew/bin:$PATH\"\n    fi\n\n    # Check if running in a SwiftUI preview\n    if [ \"$XCODE_RUNNING_FOR_PREVIEWS\" != \"1\" ]; then\n        if which swiftlint > /dev/null; then\n            swiftlint # Uncomment if you want to auto-fix: swiftlint --fix &&\n        else\n            echo \"warning: SwiftLint not installed, download from https://github.com/realm/SwiftLint\"\n        fi\n    fi\nelse \n    # Running Xcode Cloud\n    echo \"Running in Xcode Cloud. Skipping SwiftLint.\"\nfi\n";
			showEnvVarsInLog = 0;
		};
/* End PBXShellScriptBuildPhase section */

/* Begin PBXSourcesBuildPhase section */
		0089D43E2D3080690056B465 /* Sources */ = {
			isa = PBXSourcesBuildPhase;
			buildActionMask = 2147483647;
			files = (
			);
			runOnlyForDeploymentPostprocessing = 0;
		};
		0089D44E2D30806B0056B465 /* Sources */ = {
			isa = PBXSourcesBuildPhase;
			buildActionMask = 2147483647;
			files = (
			);
			runOnlyForDeploymentPostprocessing = 0;
		};
		0089D4582D30806B0056B465 /* Sources */ = {
			isa = PBXSourcesBuildPhase;
			buildActionMask = 2147483647;
			files = (
			);
			runOnlyForDeploymentPostprocessing = 0;
		};
/* End PBXSourcesBuildPhase section */

/* Begin PBXTargetDependency section */
		0089D4542D30806B0056B465 /* PBXTargetDependency */ = {
			isa = PBXTargetDependency;
			target = 0089D4412D3080690056B465 /* AIChatPartner */;
			targetProxy = 0089D4532D30806B0056B465 /* PBXContainerItemProxy */;
		};
		0089D45E2D30806B0056B465 /* PBXTargetDependency */ = {
			isa = PBXTargetDependency;
			target = 0089D4412D3080690056B465 /* AIChatPartner */;
			targetProxy = 0089D45D2D30806B0056B465 /* PBXContainerItemProxy */;
		};
/* End PBXTargetDependency section */

/* Begin XCBuildConfiguration section */
		0089D4642D30806B0056B465 /* Debug */ = {
			isa = XCBuildConfiguration;
			buildSettings = {
				ALWAYS_SEARCH_USER_PATHS = NO;
				ASSETCATALOG_COMPILER_GENERATE_SWIFT_ASSET_SYMBOL_EXTENSIONS = YES;
				CLANG_ANALYZER_NONNULL = YES;
				CLANG_ANALYZER_NUMBER_OBJECT_CONVERSION = YES_AGGRESSIVE;
				CLANG_CXX_LANGUAGE_STANDARD = "gnu++20";
				CLANG_ENABLE_MODULES = YES;
				CLANG_ENABLE_OBJC_ARC = YES;
				CLANG_ENABLE_OBJC_WEAK = YES;
				CLANG_WARN_BLOCK_CAPTURE_AUTORELEASING = YES;
				CLANG_WARN_BOOL_CONVERSION = YES;
				CLANG_WARN_COMMA = YES;
				CLANG_WARN_CONSTANT_CONVERSION = YES;
				CLANG_WARN_DEPRECATED_OBJC_IMPLEMENTATIONS = YES;
				CLANG_WARN_DIRECT_OBJC_ISA_USAGE = YES_ERROR;
				CLANG_WARN_DOCUMENTATION_COMMENTS = YES;
				CLANG_WARN_EMPTY_BODY = YES;
				CLANG_WARN_ENUM_CONVERSION = YES;
				CLANG_WARN_INFINITE_RECURSION = YES;
				CLANG_WARN_INT_CONVERSION = YES;
				CLANG_WARN_NON_LITERAL_NULL_CONVERSION = YES;
				CLANG_WARN_OBJC_IMPLICIT_RETAIN_SELF = YES;
				CLANG_WARN_OBJC_LITERAL_CONVERSION = YES;
				CLANG_WARN_OBJC_ROOT_CLASS = YES_ERROR;
				CLANG_WARN_QUOTED_INCLUDE_IN_FRAMEWORK_HEADER = YES;
				CLANG_WARN_RANGE_LOOP_ANALYSIS = YES;
				CLANG_WARN_STRICT_PROTOTYPES = YES;
				CLANG_WARN_SUSPICIOUS_MOVE = YES;
				CLANG_WARN_UNGUARDED_AVAILABILITY = YES_AGGRESSIVE;
				CLANG_WARN_UNREACHABLE_CODE = YES;
				CLANG_WARN__DUPLICATE_METHOD_MATCH = YES;
				COPY_PHASE_STRIP = NO;
				DEBUG_INFORMATION_FORMAT = dwarf;
				ENABLE_STRICT_OBJC_MSGSEND = YES;
				ENABLE_TESTABILITY = YES;
				ENABLE_USER_SCRIPT_SANDBOXING = YES;
				GCC_C_LANGUAGE_STANDARD = gnu17;
				GCC_DYNAMIC_NO_PIC = NO;
				GCC_NO_COMMON_BLOCKS = YES;
				GCC_OPTIMIZATION_LEVEL = 0;
				GCC_PREPROCESSOR_DEFINITIONS = (
					"DEBUG=1",
					"$(inherited)",
				);
				GCC_WARN_64_TO_32_BIT_CONVERSION = YES;
				GCC_WARN_ABOUT_RETURN_TYPE = YES_ERROR;
				GCC_WARN_UNDECLARED_SELECTOR = YES;
				GCC_WARN_UNINITIALIZED_AUTOS = YES_AGGRESSIVE;
				GCC_WARN_UNUSED_FUNCTION = YES;
				GCC_WARN_UNUSED_VARIABLE = YES;
				IPHONEOS_DEPLOYMENT_TARGET = 18.2;
				LOCALIZATION_PREFERS_STRING_CATALOGS = YES;
				MTL_ENABLE_DEBUG_INFO = INCLUDE_SOURCE;
				MTL_FAST_MATH = YES;
				ONLY_ACTIVE_ARCH = YES;
				SDKROOT = iphoneos;
				SWIFT_ACTIVE_COMPILATION_CONDITIONS = "DEBUG $(inherited)";
				SWIFT_OPTIMIZATION_LEVEL = "-Onone";
			};
			name = Debug;
		};
		0089D4652D30806B0056B465 /* Release */ = {
			isa = XCBuildConfiguration;
			buildSettings = {
				ALWAYS_SEARCH_USER_PATHS = NO;
				ASSETCATALOG_COMPILER_GENERATE_SWIFT_ASSET_SYMBOL_EXTENSIONS = YES;
				CLANG_ANALYZER_NONNULL = YES;
				CLANG_ANALYZER_NUMBER_OBJECT_CONVERSION = YES_AGGRESSIVE;
				CLANG_CXX_LANGUAGE_STANDARD = "gnu++20";
				CLANG_ENABLE_MODULES = YES;
				CLANG_ENABLE_OBJC_ARC = YES;
				CLANG_ENABLE_OBJC_WEAK = YES;
				CLANG_WARN_BLOCK_CAPTURE_AUTORELEASING = YES;
				CLANG_WARN_BOOL_CONVERSION = YES;
				CLANG_WARN_COMMA = YES;
				CLANG_WARN_CONSTANT_CONVERSION = YES;
				CLANG_WARN_DEPRECATED_OBJC_IMPLEMENTATIONS = YES;
				CLANG_WARN_DIRECT_OBJC_ISA_USAGE = YES_ERROR;
				CLANG_WARN_DOCUMENTATION_COMMENTS = YES;
				CLANG_WARN_EMPTY_BODY = YES;
				CLANG_WARN_ENUM_CONVERSION = YES;
				CLANG_WARN_INFINITE_RECURSION = YES;
				CLANG_WARN_INT_CONVERSION = YES;
				CLANG_WARN_NON_LITERAL_NULL_CONVERSION = YES;
				CLANG_WARN_OBJC_IMPLICIT_RETAIN_SELF = YES;
				CLANG_WARN_OBJC_LITERAL_CONVERSION = YES;
				CLANG_WARN_OBJC_ROOT_CLASS = YES_ERROR;
				CLANG_WARN_QUOTED_INCLUDE_IN_FRAMEWORK_HEADER = YES;
				CLANG_WARN_RANGE_LOOP_ANALYSIS = YES;
				CLANG_WARN_STRICT_PROTOTYPES = YES;
				CLANG_WARN_SUSPICIOUS_MOVE = YES;
				CLANG_WARN_UNGUARDED_AVAILABILITY = YES_AGGRESSIVE;
				CLANG_WARN_UNREACHABLE_CODE = YES;
				CLANG_WARN__DUPLICATE_METHOD_MATCH = YES;
				COPY_PHASE_STRIP = NO;
				DEBUG_INFORMATION_FORMAT = "dwarf-with-dsym";
				ENABLE_NS_ASSERTIONS = NO;
				ENABLE_STRICT_OBJC_MSGSEND = YES;
				ENABLE_USER_SCRIPT_SANDBOXING = YES;
				GCC_C_LANGUAGE_STANDARD = gnu17;
				GCC_NO_COMMON_BLOCKS = YES;
				GCC_WARN_64_TO_32_BIT_CONVERSION = YES;
				GCC_WARN_ABOUT_RETURN_TYPE = YES_ERROR;
				GCC_WARN_UNDECLARED_SELECTOR = YES;
				GCC_WARN_UNINITIALIZED_AUTOS = YES_AGGRESSIVE;
				GCC_WARN_UNUSED_FUNCTION = YES;
				GCC_WARN_UNUSED_VARIABLE = YES;
				IPHONEOS_DEPLOYMENT_TARGET = 18.2;
				LOCALIZATION_PREFERS_STRING_CATALOGS = YES;
				MTL_ENABLE_DEBUG_INFO = NO;
				MTL_FAST_MATH = YES;
				SDKROOT = iphoneos;
				SWIFT_COMPILATION_MODE = wholemodule;
				VALIDATE_PRODUCT = YES;
			};
			name = Release;
		};
		0089D4672D30806B0056B465 /* Debug */ = {
			isa = XCBuildConfiguration;
			buildSettings = {
				ASSETCATALOG_COMPILER_APPICON_NAME = AppIcon;
				ASSETCATALOG_COMPILER_GLOBAL_ACCENT_COLOR_NAME = AccentColor;
				CODE_SIGN_ENTITLEMENTS = AIChatPartner/AIChatPartner.entitlements;
				CODE_SIGN_STYLE = Automatic;
				CURRENT_PROJECT_VERSION = 1;
				DEVELOPMENT_ASSET_PATHS = "\"AIChatPartner/Preview Content\"";
				DEVELOPMENT_TEAM = UK87X7N6A9;
				ENABLE_PREVIEWS = YES;
				ENABLE_USER_SCRIPT_SANDBOXING = NO;
				GENERATE_INFOPLIST_FILE = YES;
				INFOPLIST_KEY_CFBundleDisplayName = "AI Chat Partner";
				INFOPLIST_KEY_UIApplicationSceneManifest_Generation = YES;
				INFOPLIST_KEY_UIApplicationSupportsIndirectInputEvents = YES;
				INFOPLIST_KEY_UILaunchScreen_Generation = YES;
				INFOPLIST_KEY_UILaunchStoryboardName = LaunchScreen;
				INFOPLIST_KEY_UISupportedInterfaceOrientations_iPad = "UIInterfaceOrientationPortrait UIInterfaceOrientationPortraitUpsideDown UIInterfaceOrientationLandscapeLeft UIInterfaceOrientationLandscapeRight";
				INFOPLIST_KEY_UISupportedInterfaceOrientations_iPhone = "UIInterfaceOrientationPortrait UIInterfaceOrientationLandscapeLeft UIInterfaceOrientationLandscapeRight";
				IPHONEOS_DEPLOYMENT_TARGET = 17.6;
				LD_RUNPATH_SEARCH_PATHS = (
					"$(inherited)",
					"@executable_path/Frameworks",
				);
				MARKETING_VERSION = 1.0;
				PRODUCT_BUNDLE_IDENTIFIER = com.github.jheisecke.AIChatPartner;
				PRODUCT_NAME = "$(TARGET_NAME)";
				SUPPORTED_PLATFORMS = "iphoneos iphonesimulator";
				SUPPORTS_MACCATALYST = YES;
				SUPPORTS_MAC_DESIGNED_FOR_IPHONE_IPAD = NO;
				SUPPORTS_XR_DESIGNED_FOR_IPHONE_IPAD = NO;
				SWIFT_EMIT_LOC_STRINGS = YES;
				SWIFT_VERSION = 6.0;
				TARGETED_DEVICE_FAMILY = "1,2";
			};
			name = Debug;
		};
		0089D4682D30806B0056B465 /* Release */ = {
			isa = XCBuildConfiguration;
			buildSettings = {
				ASSETCATALOG_COMPILER_APPICON_NAME = AppIcon;
				ASSETCATALOG_COMPILER_GLOBAL_ACCENT_COLOR_NAME = AccentColor;
				CODE_SIGN_ENTITLEMENTS = AIChatPartner/AIChatPartner.entitlements;
				CODE_SIGN_STYLE = Automatic;
				CURRENT_PROJECT_VERSION = 1;
				DEVELOPMENT_ASSET_PATHS = "\"AIChatPartner/Preview Content\"";
				DEVELOPMENT_TEAM = UK87X7N6A9;
				ENABLE_PREVIEWS = YES;
				ENABLE_USER_SCRIPT_SANDBOXING = NO;
				GENERATE_INFOPLIST_FILE = YES;
				INFOPLIST_KEY_CFBundleDisplayName = "AI Chat Partner";
				INFOPLIST_KEY_UIApplicationSceneManifest_Generation = YES;
				INFOPLIST_KEY_UIApplicationSupportsIndirectInputEvents = YES;
				INFOPLIST_KEY_UILaunchScreen_Generation = YES;
				INFOPLIST_KEY_UILaunchStoryboardName = LaunchScreen;
				INFOPLIST_KEY_UISupportedInterfaceOrientations_iPad = "UIInterfaceOrientationPortrait UIInterfaceOrientationPortraitUpsideDown UIInterfaceOrientationLandscapeLeft UIInterfaceOrientationLandscapeRight";
				INFOPLIST_KEY_UISupportedInterfaceOrientations_iPhone = "UIInterfaceOrientationPortrait UIInterfaceOrientationLandscapeLeft UIInterfaceOrientationLandscapeRight";
				IPHONEOS_DEPLOYMENT_TARGET = 17.6;
				LD_RUNPATH_SEARCH_PATHS = (
					"$(inherited)",
					"@executable_path/Frameworks",
				);
				MARKETING_VERSION = 1.0;
				PRODUCT_BUNDLE_IDENTIFIER = com.github.jheisecke.AIChatPartner;
				PRODUCT_NAME = "$(TARGET_NAME)";
				SUPPORTED_PLATFORMS = "iphoneos iphonesimulator";
				SUPPORTS_MACCATALYST = YES;
				SUPPORTS_MAC_DESIGNED_FOR_IPHONE_IPAD = NO;
				SUPPORTS_XR_DESIGNED_FOR_IPHONE_IPAD = NO;
				SWIFT_EMIT_LOC_STRINGS = YES;
				SWIFT_VERSION = 6.0;
				TARGETED_DEVICE_FAMILY = "1,2";
			};
			name = Release;
		};
		0089D46A2D30806B0056B465 /* Debug */ = {
			isa = XCBuildConfiguration;
			buildSettings = {
				BUNDLE_LOADER = "$(TEST_HOST)";
				CODE_SIGN_STYLE = Automatic;
				CURRENT_PROJECT_VERSION = 1;
				DEVELOPMENT_TEAM = UK87X7N6A9;
				GENERATE_INFOPLIST_FILE = YES;
				IPHONEOS_DEPLOYMENT_TARGET = 18.2;
				MARKETING_VERSION = 1.0;
				PRODUCT_BUNDLE_IDENTIFIER = com.github.jheisecke.AIChatPartnerTests;
				PRODUCT_NAME = "$(TARGET_NAME)";
				SWIFT_EMIT_LOC_STRINGS = NO;
				SWIFT_VERSION = 5.0;
				TARGETED_DEVICE_FAMILY = "1,2";
				TEST_HOST = "$(BUILT_PRODUCTS_DIR)/AIChatPartner.app/$(BUNDLE_EXECUTABLE_FOLDER_PATH)/AIChatPartner";
			};
			name = Debug;
		};
		0089D46B2D30806B0056B465 /* Release */ = {
			isa = XCBuildConfiguration;
			buildSettings = {
				BUNDLE_LOADER = "$(TEST_HOST)";
				CODE_SIGN_STYLE = Automatic;
				CURRENT_PROJECT_VERSION = 1;
				DEVELOPMENT_TEAM = UK87X7N6A9;
				GENERATE_INFOPLIST_FILE = YES;
				IPHONEOS_DEPLOYMENT_TARGET = 18.2;
				MARKETING_VERSION = 1.0;
				PRODUCT_BUNDLE_IDENTIFIER = com.github.jheisecke.AIChatPartnerTests;
				PRODUCT_NAME = "$(TARGET_NAME)";
				SWIFT_EMIT_LOC_STRINGS = NO;
				SWIFT_VERSION = 5.0;
				TARGETED_DEVICE_FAMILY = "1,2";
				TEST_HOST = "$(BUILT_PRODUCTS_DIR)/AIChatPartner.app/$(BUNDLE_EXECUTABLE_FOLDER_PATH)/AIChatPartner";
			};
			name = Release;
		};
		0089D46D2D30806B0056B465 /* Debug */ = {
			isa = XCBuildConfiguration;
			buildSettings = {
				CODE_SIGN_STYLE = Automatic;
				CURRENT_PROJECT_VERSION = 1;
				DEVELOPMENT_TEAM = UK87X7N6A9;
				GENERATE_INFOPLIST_FILE = YES;
				MARKETING_VERSION = 1.0;
				PRODUCT_BUNDLE_IDENTIFIER = com.github.jheisecke.AIChatPartnerUITests;
				PRODUCT_NAME = "$(TARGET_NAME)";
				SWIFT_EMIT_LOC_STRINGS = NO;
				SWIFT_VERSION = 5.0;
				TARGETED_DEVICE_FAMILY = "1,2";
				TEST_TARGET_NAME = AIChatPartner;
			};
			name = Debug;
		};
		0089D46E2D30806B0056B465 /* Release */ = {
			isa = XCBuildConfiguration;
			buildSettings = {
				CODE_SIGN_STYLE = Automatic;
				CURRENT_PROJECT_VERSION = 1;
				DEVELOPMENT_TEAM = UK87X7N6A9;
				GENERATE_INFOPLIST_FILE = YES;
				MARKETING_VERSION = 1.0;
				PRODUCT_BUNDLE_IDENTIFIER = com.github.jheisecke.AIChatPartnerUITests;
				PRODUCT_NAME = "$(TARGET_NAME)";
				SWIFT_EMIT_LOC_STRINGS = NO;
				SWIFT_VERSION = 5.0;
				TARGETED_DEVICE_FAMILY = "1,2";
				TEST_TARGET_NAME = AIChatPartner;
			};
			name = Release;
		};
/* End XCBuildConfiguration section */

/* Begin XCConfigurationList section */
		0089D43D2D3080690056B465 /* Build configuration list for PBXProject "AIChatPartner" */ = {
			isa = XCConfigurationList;
			buildConfigurations = (
				0089D4642D30806B0056B465 /* Debug */,
				0089D4652D30806B0056B465 /* Release */,
			);
			defaultConfigurationIsVisible = 0;
			defaultConfigurationName = Release;
		};
		0089D4662D30806B0056B465 /* Build configuration list for PBXNativeTarget "AIChatPartner" */ = {
			isa = XCConfigurationList;
			buildConfigurations = (
				0089D4672D30806B0056B465 /* Debug */,
				0089D4682D30806B0056B465 /* Release */,
			);
			defaultConfigurationIsVisible = 0;
			defaultConfigurationName = Release;
		};
		0089D4692D30806B0056B465 /* Build configuration list for PBXNativeTarget "AIChatPartnerTests" */ = {
			isa = XCConfigurationList;
			buildConfigurations = (
				0089D46A2D30806B0056B465 /* Debug */,
				0089D46B2D30806B0056B465 /* Release */,
			);
			defaultConfigurationIsVisible = 0;
			defaultConfigurationName = Release;
		};
		0089D46C2D30806B0056B465 /* Build configuration list for PBXNativeTarget "AIChatPartnerUITests" */ = {
			isa = XCConfigurationList;
			buildConfigurations = (
				0089D46D2D30806B0056B465 /* Debug */,
				0089D46E2D30806B0056B465 /* Release */,
			);
			defaultConfigurationIsVisible = 0;
			defaultConfigurationName = Release;
		};
/* End XCConfigurationList section */

/* Begin XCRemoteSwiftPackageReference section */
		0039497C2D65253400867CD1 /* XCRemoteSwiftPackageReference "OpenAI" */ = {
			isa = XCRemoteSwiftPackageReference;
			repositoryURL = "https://github.com/MacPaw/OpenAI.git";
			requirement = {
				kind = upToNextMajorVersion;
				minimumVersion = 0.3.4;
			};
		};
		00413FE42D4E68CD00C8D4B5 /* XCRemoteSwiftPackageReference "firebase-ios-sdk" */ = {
			isa = XCRemoteSwiftPackageReference;
			repositoryURL = "https://github.com/firebase/firebase-ios-sdk.git";
			requirement = {
				kind = upToNextMajorVersion;
				minimumVersion = 11.7.0;
			};
		};
		00413FF12D4E82A900C8D4B5 /* XCRemoteSwiftPackageReference "SignInAppleAsync" */ = {
			isa = XCRemoteSwiftPackageReference;
			repositoryURL = "https://github.com/SwiftfulThinking/SignInAppleAsync.git";
			requirement = {
				kind = upToNextMajorVersion;
				minimumVersion = 1.0.0;
			};
		};
		007B4A492D39E9890069AA59 /* XCRemoteSwiftPackageReference "SwiftfulUtilities" */ = {
			isa = XCRemoteSwiftPackageReference;
			repositoryURL = "https://github.com/SwiftfulThinking/SwiftfulUtilities.git";
			requirement = {
				kind = upToNextMajorVersion;
				minimumVersion = 1.1.6;
			};
		};
		0089D4762D3084890056B465 /* XCRemoteSwiftPackageReference "SwiftLintPlugins" */ = {
			isa = XCRemoteSwiftPackageReference;
			repositoryURL = "https://github.com/SimplyDanny/SwiftLintPlugins";
			requirement = {
				kind = upToNextMajorVersion;
				minimumVersion = 0.57.1;
			};
		};
		00998C4D2D32D30100B49DF8 /* XCRemoteSwiftPackageReference "SDWebImageSwiftUI" */ = {
			isa = XCRemoteSwiftPackageReference;
			repositoryURL = "https://github.com/SDWebImage/SDWebImageSwiftUI";
			requirement = {
				kind = upToNextMajorVersion;
				minimumVersion = 3.1.3;
			};
		};
/* End XCRemoteSwiftPackageReference section */

/* Begin XCSwiftPackageProductDependency section */
		003944332D636EC100867CD1 /* FirebaseFirestore */ = {
			isa = XCSwiftPackageProductDependency;
			package = 00413FE42D4E68CD00C8D4B5 /* XCRemoteSwiftPackageReference "firebase-ios-sdk" */;
			productName = FirebaseFirestore;
		};
		0039497D2D65253400867CD1 /* OpenAI */ = {
			isa = XCSwiftPackageProductDependency;
			package = 0039497C2D65253400867CD1 /* XCRemoteSwiftPackageReference "OpenAI" */;
			productName = OpenAI;
		};
		00413FE52D4E68CD00C8D4B5 /* FirebaseAuth */ = {
			isa = XCSwiftPackageProductDependency;
			package = 00413FE42D4E68CD00C8D4B5 /* XCRemoteSwiftPackageReference "firebase-ios-sdk" */;
			productName = FirebaseAuth;
		};
		00413FF22D4E82A900C8D4B5 /* SignInAppleAsync */ = {
			isa = XCSwiftPackageProductDependency;
			package = 00413FF12D4E82A900C8D4B5 /* XCRemoteSwiftPackageReference "SignInAppleAsync" */;
			productName = SignInAppleAsync;
		};
		00765CF42D668AAD009E6729 /* FirebaseStorage */ = {
			isa = XCSwiftPackageProductDependency;
			package = 00413FE42D4E68CD00C8D4B5 /* XCRemoteSwiftPackageReference "firebase-ios-sdk" */;
			productName = FirebaseStorage;
		};
		007B4A4A2D39E9890069AA59 /* SwiftfulUtilities */ = {
			isa = XCSwiftPackageProductDependency;
			package = 007B4A492D39E9890069AA59 /* XCRemoteSwiftPackageReference "SwiftfulUtilities" */;
			productName = SwiftfulUtilities;
		};
		00998C4E2D32D30100B49DF8 /* SDWebImageSwiftUI */ = {
			isa = XCSwiftPackageProductDependency;
			package = 00998C4D2D32D30100B49DF8 /* XCRemoteSwiftPackageReference "SDWebImageSwiftUI" */;
			productName = SDWebImageSwiftUI;
		};
/* End XCSwiftPackageProductDependency section */
	};
	rootObject = 0089D43A2D3080690056B465 /* Project object */;
}
